// !$*UTF8*$!
{
	archiveVersion = 1;
	classes = {
	};
	objectVersion = 48;
	objects = {

/* Begin PBXBuildFile section */
		88731CF5F96A959BBDAF35D5 /* libPods-MyDictionaryTests.a in Frameworks */ = {isa = PBXBuildFile; fileRef = 81B3EC4072786D9E2D9FE556 /* libPods-MyDictionaryTests.a */; };
		C37540083621B19B06BDACFF /* libPods-MyDictionary.a in Frameworks */ = {isa = PBXBuildFile; fileRef = 4FBF18B9C8362C1243B5C2F6 /* libPods-MyDictionary.a */; };
		D4485A6E1FD0F10500422693 /* AppDelegate.m in Sources */ = {isa = PBXBuildFile; fileRef = D4485A6D1FD0F10500422693 /* AppDelegate.m */; };
		D4485A711FD0F10500422693 /* ViewController.m in Sources */ = {isa = PBXBuildFile; fileRef = D4485A701FD0F10500422693 /* ViewController.m */; };
		D4485A741FD0F10500422693 /* Main.storyboard in Resources */ = {isa = PBXBuildFile; fileRef = D4485A721FD0F10500422693 /* Main.storyboard */; };
		D4485A771FD0F10500422693 /* MyDictionary.xcdatamodeld in Sources */ = {isa = PBXBuildFile; fileRef = D4485A751FD0F10500422693 /* MyDictionary.xcdatamodeld */; };
		D4485A791FD0F10500422693 /* Assets.xcassets in Resources */ = {isa = PBXBuildFile; fileRef = D4485A781FD0F10500422693 /* Assets.xcassets */; };
		D4485A7C1FD0F10500422693 /* LaunchScreen.storyboard in Resources */ = {isa = PBXBuildFile; fileRef = D4485A7A1FD0F10500422693 /* LaunchScreen.storyboard */; };
		D4485A7F1FD0F10500422693 /* main.m in Sources */ = {isa = PBXBuildFile; fileRef = D4485A7E1FD0F10500422693 /* main.m */; };
		D4485A891FD0F10500422693 /* MyDictionaryTests.m in Sources */ = {isa = PBXBuildFile; fileRef = D4485A881FD0F10500422693 /* MyDictionaryTests.m */; };
		D45AE2641FD1053600AA89DC /* ActionViewController.m in Sources */ = {isa = PBXBuildFile; fileRef = D45AE2631FD1053600AA89DC /* ActionViewController.m */; };
		D45AE2671FD1053600AA89DC /* MainInterface.storyboard in Resources */ = {isa = PBXBuildFile; fileRef = D45AE2651FD1053600AA89DC /* MainInterface.storyboard */; };
		D45AE26B1FD1053600AA89DC /* AddWord.appex in Embed App Extensions */ = {isa = PBXBuildFile; fileRef = D45AE2601FD1053600AA89DC /* AddWord.appex */; settings = {ATTRIBUTES = (RemoveHeadersOnCopy, ); }; };
		D45AE2831FD1407500AA89DC /* CLClient.m in Sources */ = {isa = PBXBuildFile; fileRef = D45AE2821FD1407500AA89DC /* CLClient.m */; };
		D45AE2891FD1413000AA89DC /* CLServer.m in Sources */ = {isa = PBXBuildFile; fileRef = D45AE2881FD1413000AA89DC /* CLServer.m */; };
/* End PBXBuildFile section */

/* Begin PBXContainerItemProxy section */
		D4485A851FD0F10500422693 /* PBXContainerItemProxy */ = {
			isa = PBXContainerItemProxy;
			containerPortal = D4485A611FD0F10500422693 /* Project object */;
			proxyType = 1;
			remoteGlobalIDString = D4485A681FD0F10500422693;
			remoteInfo = MyDictionary;
		};
		D45AE2691FD1053600AA89DC /* PBXContainerItemProxy */ = {
			isa = PBXContainerItemProxy;
			containerPortal = D4485A611FD0F10500422693 /* Project object */;
			proxyType = 1;
			remoteGlobalIDString = D45AE25F1FD1053600AA89DC;
			remoteInfo = AddWord;
		};
/* End PBXContainerItemProxy section */

/* Begin PBXCopyFilesBuildPhase section */
		D45AE26F1FD1053600AA89DC /* Embed App Extensions */ = {
			isa = PBXCopyFilesBuildPhase;
			buildActionMask = 2147483647;
			dstPath = "";
			dstSubfolderSpec = 13;
			files = (
				D45AE26B1FD1053600AA89DC /* AddWord.appex in Embed App Extensions */,
			);
			name = "Embed App Extensions";
			runOnlyForDeploymentPostprocessing = 0;
		};
/* End PBXCopyFilesBuildPhase section */

/* Begin PBXFileReference section */
		388BB1A92E8D9A8A0D1B3ED5 /* Pods-MyDictionaryTests.release.xcconfig */ = {isa = PBXFileReference; includeInIndex = 1; lastKnownFileType = text.xcconfig; name = "Pods-MyDictionaryTests.release.xcconfig"; path = "Pods/Target Support Files/Pods-MyDictionaryTests/Pods-MyDictionaryTests.release.xcconfig"; sourceTree = "<group>"; };
		3F2D3A3F9387808E33D39D70 /* Pods-MyDictionaryTests.debug.xcconfig */ = {isa = PBXFileReference; includeInIndex = 1; lastKnownFileType = text.xcconfig; name = "Pods-MyDictionaryTests.debug.xcconfig"; path = "Pods/Target Support Files/Pods-MyDictionaryTests/Pods-MyDictionaryTests.debug.xcconfig"; sourceTree = "<group>"; };
		4FBF18B9C8362C1243B5C2F6 /* libPods-MyDictionary.a */ = {isa = PBXFileReference; explicitFileType = archive.ar; includeInIndex = 0; path = "libPods-MyDictionary.a"; sourceTree = BUILT_PRODUCTS_DIR; };
		81B3EC4072786D9E2D9FE556 /* libPods-MyDictionaryTests.a */ = {isa = PBXFileReference; explicitFileType = archive.ar; includeInIndex = 0; path = "libPods-MyDictionaryTests.a"; sourceTree = BUILT_PRODUCTS_DIR; };
		8F7F5540F198D8D5F32B28D8 /* Pods-MyDictionary.release.xcconfig */ = {isa = PBXFileReference; includeInIndex = 1; lastKnownFileType = text.xcconfig; name = "Pods-MyDictionary.release.xcconfig"; path = "Pods/Target Support Files/Pods-MyDictionary/Pods-MyDictionary.release.xcconfig"; sourceTree = "<group>"; };
		D4485A691FD0F10500422693 /* MyDictionary.app */ = {isa = PBXFileReference; explicitFileType = wrapper.application; includeInIndex = 0; path = MyDictionary.app; sourceTree = BUILT_PRODUCTS_DIR; };
		D4485A6C1FD0F10500422693 /* AppDelegate.h */ = {isa = PBXFileReference; lastKnownFileType = sourcecode.c.h; path = AppDelegate.h; sourceTree = "<group>"; };
		D4485A6D1FD0F10500422693 /* AppDelegate.m */ = {isa = PBXFileReference; lastKnownFileType = sourcecode.c.objc; path = AppDelegate.m; sourceTree = "<group>"; };
		D4485A6F1FD0F10500422693 /* ViewController.h */ = {isa = PBXFileReference; lastKnownFileType = sourcecode.c.h; path = ViewController.h; sourceTree = "<group>"; };
		D4485A701FD0F10500422693 /* ViewController.m */ = {isa = PBXFileReference; lastKnownFileType = sourcecode.c.objc; path = ViewController.m; sourceTree = "<group>"; };
		D4485A731FD0F10500422693 /* Base */ = {isa = PBXFileReference; lastKnownFileType = file.storyboard; name = Base; path = Base.lproj/Main.storyboard; sourceTree = "<group>"; };
		D4485A761FD0F10500422693 /* MyDictionary.xcdatamodel */ = {isa = PBXFileReference; lastKnownFileType = wrapper.xcdatamodel; path = MyDictionary.xcdatamodel; sourceTree = "<group>"; };
		D4485A781FD0F10500422693 /* Assets.xcassets */ = {isa = PBXFileReference; lastKnownFileType = folder.assetcatalog; path = Assets.xcassets; sourceTree = "<group>"; };
		D4485A7B1FD0F10500422693 /* Base */ = {isa = PBXFileReference; lastKnownFileType = file.storyboard; name = Base; path = Base.lproj/LaunchScreen.storyboard; sourceTree = "<group>"; };
		D4485A7D1FD0F10500422693 /* Info.plist */ = {isa = PBXFileReference; lastKnownFileType = text.plist.xml; path = Info.plist; sourceTree = "<group>"; };
		D4485A7E1FD0F10500422693 /* main.m */ = {isa = PBXFileReference; lastKnownFileType = sourcecode.c.objc; path = main.m; sourceTree = "<group>"; };
		D4485A841FD0F10500422693 /* MyDictionaryTests.xctest */ = {isa = PBXFileReference; explicitFileType = wrapper.cfbundle; includeInIndex = 0; path = MyDictionaryTests.xctest; sourceTree = BUILT_PRODUCTS_DIR; };
		D4485A881FD0F10500422693 /* MyDictionaryTests.m */ = {isa = PBXFileReference; lastKnownFileType = sourcecode.c.objc; path = MyDictionaryTests.m; sourceTree = "<group>"; };
		D4485A8A1FD0F10500422693 /* Info.plist */ = {isa = PBXFileReference; lastKnownFileType = text.plist.xml; path = Info.plist; sourceTree = "<group>"; };
		D45AE2601FD1053600AA89DC /* AddWord.appex */ = {isa = PBXFileReference; explicitFileType = "wrapper.app-extension"; includeInIndex = 0; path = AddWord.appex; sourceTree = BUILT_PRODUCTS_DIR; };
		D45AE2621FD1053600AA89DC /* ActionViewController.h */ = {isa = PBXFileReference; lastKnownFileType = sourcecode.c.h; path = ActionViewController.h; sourceTree = "<group>"; };
		D45AE2631FD1053600AA89DC /* ActionViewController.m */ = {isa = PBXFileReference; lastKnownFileType = sourcecode.c.objc; path = ActionViewController.m; sourceTree = "<group>"; };
		D45AE2661FD1053600AA89DC /* Base */ = {isa = PBXFileReference; lastKnownFileType = file.storyboard; name = Base; path = Base.lproj/MainInterface.storyboard; sourceTree = "<group>"; };
		D45AE2681FD1053600AA89DC /* Info.plist */ = {isa = PBXFileReference; lastKnownFileType = text.plist.xml; path = Info.plist; sourceTree = "<group>"; };
		D45AE2701FD1063900AA89DC /* PrefixHeader.pch */ = {isa = PBXFileReference; lastKnownFileType = sourcecode.c.h; path = PrefixHeader.pch; sourceTree = "<group>"; };
		D45AE2811FD1407500AA89DC /* CLClient.h */ = {isa = PBXFileReference; lastKnownFileType = sourcecode.c.h; path = CLClient.h; sourceTree = "<group>"; };
		D45AE2821FD1407500AA89DC /* CLClient.m */ = {isa = PBXFileReference; lastKnownFileType = sourcecode.c.objc; path = CLClient.m; sourceTree = "<group>"; };
		D45AE2871FD1413000AA89DC /* CLServer.h */ = {isa = PBXFileReference; lastKnownFileType = sourcecode.c.h; path = CLServer.h; sourceTree = "<group>"; };
		D45AE2881FD1413000AA89DC /* CLServer.m */ = {isa = PBXFileReference; lastKnownFileType = sourcecode.c.objc; path = CLServer.m; sourceTree = "<group>"; };
		F97ED9C9B5A3B297DEC2AB24 /* Pods-MyDictionary.debug.xcconfig */ = {isa = PBXFileReference; includeInIndex = 1; lastKnownFileType = text.xcconfig; name = "Pods-MyDictionary.debug.xcconfig"; path = "Pods/Target Support Files/Pods-MyDictionary/Pods-MyDictionary.debug.xcconfig"; sourceTree = "<group>"; };
/* End PBXFileReference section */

/* Begin PBXFrameworksBuildPhase section */
		D4485A661FD0F10500422693 /* Frameworks */ = {
			isa = PBXFrameworksBuildPhase;
			buildActionMask = 2147483647;
			files = (
				C37540083621B19B06BDACFF /* libPods-MyDictionary.a in Frameworks */,
			);
			runOnlyForDeploymentPostprocessing = 0;
		};
		D4485A811FD0F10500422693 /* Frameworks */ = {
			isa = PBXFrameworksBuildPhase;
			buildActionMask = 2147483647;
			files = (
				88731CF5F96A959BBDAF35D5 /* libPods-MyDictionaryTests.a in Frameworks */,
			);
			runOnlyForDeploymentPostprocessing = 0;
		};
		D45AE25D1FD1053600AA89DC /* Frameworks */ = {
			isa = PBXFrameworksBuildPhase;
			buildActionMask = 2147483647;
			files = (
			);
			runOnlyForDeploymentPostprocessing = 0;
		};
/* End PBXFrameworksBuildPhase section */

/* Begin PBXGroup section */
		0B362AEAB4499330213D6944 /* Pods */ = {
			isa = PBXGroup;
			children = (
				F97ED9C9B5A3B297DEC2AB24 /* Pods-MyDictionary.debug.xcconfig */,
				8F7F5540F198D8D5F32B28D8 /* Pods-MyDictionary.release.xcconfig */,
				3F2D3A3F9387808E33D39D70 /* Pods-MyDictionaryTests.debug.xcconfig */,
				388BB1A92E8D9A8A0D1B3ED5 /* Pods-MyDictionaryTests.release.xcconfig */,
			);
			name = Pods;
			sourceTree = "<group>";
		};
		29E5A9E1A053EC1F59D78F34 /* Frameworks */ = {
			isa = PBXGroup;
			children = (
				4FBF18B9C8362C1243B5C2F6 /* libPods-MyDictionary.a */,
				81B3EC4072786D9E2D9FE556 /* libPods-MyDictionaryTests.a */,
			);
			name = Frameworks;
			sourceTree = "<group>";
		};
		D4485A601FD0F10500422693 = {
			isa = PBXGroup;
			children = (
				D45AE27C1FD13F5300AA89DC /* Services */,
				D4485A6B1FD0F10500422693 /* MyDictionary */,
				D4485A871FD0F10500422693 /* MyDictionaryTests */,
				D45AE2611FD1053600AA89DC /* AddWord */,
				D4485A6A1FD0F10500422693 /* Products */,
				0B362AEAB4499330213D6944 /* Pods */,
				29E5A9E1A053EC1F59D78F34 /* Frameworks */,
			);
			sourceTree = "<group>";
		};
		D4485A6A1FD0F10500422693 /* Products */ = {
			isa = PBXGroup;
			children = (
				D4485A691FD0F10500422693 /* MyDictionary.app */,
				D4485A841FD0F10500422693 /* MyDictionaryTests.xctest */,
				D45AE2601FD1053600AA89DC /* AddWord.appex */,
			);
			name = Products;
			sourceTree = "<group>";
		};
		D4485A6B1FD0F10500422693 /* MyDictionary */ = {
			isa = PBXGroup;
			children = (
				D4485A6C1FD0F10500422693 /* AppDelegate.h */,
				D4485A6D1FD0F10500422693 /* AppDelegate.m */,
				D4485A6F1FD0F10500422693 /* ViewController.h */,
				D4485A701FD0F10500422693 /* ViewController.m */,
				D4485A721FD0F10500422693 /* Main.storyboard */,
				D4485A781FD0F10500422693 /* Assets.xcassets */,
				D4485A7A1FD0F10500422693 /* LaunchScreen.storyboard */,
				D4485A7D1FD0F10500422693 /* Info.plist */,
				D4485A7E1FD0F10500422693 /* main.m */,
				D4485A751FD0F10500422693 /* MyDictionary.xcdatamodeld */,
				D45AE2701FD1063900AA89DC /* PrefixHeader.pch */,
			);
			path = MyDictionary;
			sourceTree = "<group>";
		};
		D4485A871FD0F10500422693 /* MyDictionaryTests */ = {
			isa = PBXGroup;
			children = (
				D4485A881FD0F10500422693 /* MyDictionaryTests.m */,
				D4485A8A1FD0F10500422693 /* Info.plist */,
			);
			path = MyDictionaryTests;
			sourceTree = "<group>";
		};
		D45AE2611FD1053600AA89DC /* AddWord */ = {
			isa = PBXGroup;
			children = (
				D45AE2621FD1053600AA89DC /* ActionViewController.h */,
				D45AE2631FD1053600AA89DC /* ActionViewController.m */,
				D45AE2651FD1053600AA89DC /* MainInterface.storyboard */,
				D45AE2681FD1053600AA89DC /* Info.plist */,
			);
			path = AddWord;
			sourceTree = "<group>";
		};
		D45AE27C1FD13F5300AA89DC /* Services */ = {
			isa = PBXGroup;
			children = (
				D45AE27D1FD13F7B00AA89DC /* Client */,
			);
			path = Services;
			sourceTree = "<group>";
		};
		D45AE27D1FD13F7B00AA89DC /* Client */ = {
			isa = PBXGroup;
			children = (
				D45AE2811FD1407500AA89DC /* CLClient.h */,
				D45AE2821FD1407500AA89DC /* CLClient.m */,
				D45AE2871FD1413000AA89DC /* CLServer.h */,
				D45AE2881FD1413000AA89DC /* CLServer.m */,
			);
			path = Client;
			sourceTree = "<group>";
		};
/* End PBXGroup section */

/* Begin PBXNativeTarget section */
		D4485A681FD0F10500422693 /* MyDictionary */ = {
			isa = PBXNativeTarget;
			buildConfigurationList = D4485A8D1FD0F10500422693 /* Build configuration list for PBXNativeTarget "MyDictionary" */;
			buildPhases = (
				EE2B5E6DA8B4500D23252D14 /* [CP] Check Pods Manifest.lock */,
				D4485A651FD0F10500422693 /* Sources */,
				D4485A661FD0F10500422693 /* Frameworks */,
				D4485A671FD0F10500422693 /* Resources */,
				E69B941ED845D9D0DCA3D7EB /* [CP] Embed Pods Frameworks */,
				AC9D9CFB04A300529D5F4B7D /* [CP] Copy Pods Resources */,
				D45AE26F1FD1053600AA89DC /* Embed App Extensions */,
			);
			buildRules = (
			);
			dependencies = (
				D45AE26A1FD1053600AA89DC /* PBXTargetDependency */,
			);
			name = MyDictionary;
			productName = MyDictionary;
			productReference = D4485A691FD0F10500422693 /* MyDictionary.app */;
			productType = "com.apple.product-type.application";
		};
		D4485A831FD0F10500422693 /* MyDictionaryTests */ = {
			isa = PBXNativeTarget;
			buildConfigurationList = D4485A901FD0F10500422693 /* Build configuration list for PBXNativeTarget "MyDictionaryTests" */;
			buildPhases = (
				733F1EC6610167D79C98F9DB /* [CP] Check Pods Manifest.lock */,
				D4485A801FD0F10500422693 /* Sources */,
				D4485A811FD0F10500422693 /* Frameworks */,
				D4485A821FD0F10500422693 /* Resources */,
				6211D8573A932791000BAC68 /* [CP] Embed Pods Frameworks */,
				965E02CC57155ED5098C4312 /* [CP] Copy Pods Resources */,
			);
			buildRules = (
			);
			dependencies = (
				D4485A861FD0F10500422693 /* PBXTargetDependency */,
			);
			name = MyDictionaryTests;
			productName = MyDictionaryTests;
			productReference = D4485A841FD0F10500422693 /* MyDictionaryTests.xctest */;
			productType = "com.apple.product-type.bundle.unit-test";
		};
		D45AE25F1FD1053600AA89DC /* AddWord */ = {
			isa = PBXNativeTarget;
			buildConfigurationList = D45AE26E1FD1053600AA89DC /* Build configuration list for PBXNativeTarget "AddWord" */;
			buildPhases = (
				D45AE25C1FD1053600AA89DC /* Sources */,
				D45AE25D1FD1053600AA89DC /* Frameworks */,
				D45AE25E1FD1053600AA89DC /* Resources */,
			);
			buildRules = (
			);
			dependencies = (
			);
			name = AddWord;
			productName = AddWord;
			productReference = D45AE2601FD1053600AA89DC /* AddWord.appex */;
			productType = "com.apple.product-type.app-extension";
		};
/* End PBXNativeTarget section */

/* Begin PBXProject section */
		D4485A611FD0F10500422693 /* Project object */ = {
			isa = PBXProject;
			attributes = {
				LastUpgradeCheck = 0910;
				ORGANIZATIONNAME = chenli;
				TargetAttributes = {
					D4485A681FD0F10500422693 = {
						CreatedOnToolsVersion = 9.1;
						ProvisioningStyle = Automatic;
					};
					D4485A831FD0F10500422693 = {
						CreatedOnToolsVersion = 9.1;
						ProvisioningStyle = Automatic;
						TestTargetID = D4485A681FD0F10500422693;
					};
					D45AE25F1FD1053600AA89DC = {
						CreatedOnToolsVersion = 9.1;
						ProvisioningStyle = Automatic;
					};
				};
			};
			buildConfigurationList = D4485A641FD0F10500422693 /* Build configuration list for PBXProject "MyDictionary" */;
			compatibilityVersion = "Xcode 8.0";
			developmentRegion = en;
			hasScannedForEncodings = 0;
			knownRegions = (
				en,
				Base,
			);
			mainGroup = D4485A601FD0F10500422693;
			productRefGroup = D4485A6A1FD0F10500422693 /* Products */;
			projectDirPath = "";
			projectRoot = "";
			targets = (
				D4485A681FD0F10500422693 /* MyDictionary */,
				D4485A831FD0F10500422693 /* MyDictionaryTests */,
				D45AE25F1FD1053600AA89DC /* AddWord */,
			);
		};
/* End PBXProject section */

/* Begin PBXResourcesBuildPhase section */
		D4485A671FD0F10500422693 /* Resources */ = {
			isa = PBXResourcesBuildPhase;
			buildActionMask = 2147483647;
			files = (
				D4485A7C1FD0F10500422693 /* LaunchScreen.storyboard in Resources */,
				D4485A791FD0F10500422693 /* Assets.xcassets in Resources */,
				D4485A741FD0F10500422693 /* Main.storyboard in Resources */,
			);
			runOnlyForDeploymentPostprocessing = 0;
		};
		D4485A821FD0F10500422693 /* Resources */ = {
			isa = PBXResourcesBuildPhase;
			buildActionMask = 2147483647;
			files = (
			);
			runOnlyForDeploymentPostprocessing = 0;
		};
		D45AE25E1FD1053600AA89DC /* Resources */ = {
			isa = PBXResourcesBuildPhase;
			buildActionMask = 2147483647;
			files = (
				D45AE2671FD1053600AA89DC /* MainInterface.storyboard in Resources */,
			);
			runOnlyForDeploymentPostprocessing = 0;
		};
/* End PBXResourcesBuildPhase section */

/* Begin PBXShellScriptBuildPhase section */
		6211D8573A932791000BAC68 /* [CP] Embed Pods Frameworks */ = {
			isa = PBXShellScriptBuildPhase;
			buildActionMask = 2147483647;
			files = (
			);
			inputPaths = (
				"${SRCROOT}/Pods/Target Support Files/Pods-MyDictionaryTests/Pods-MyDictionaryTests-frameworks.sh",
				"${BUILT_PRODUCTS_DIR}/AFNetworking/AFNetworking.framework",
				"${BUILT_PRODUCTS_DIR}/ReactiveObjC/ReactiveObjC.framework",
				"${BUILT_PRODUCTS_DIR}/Realm/Realm.framework",
				"${BUILT_PRODUCTS_DIR}/SVProgressHUD/SVProgressHUD.framework",
			);
			name = "[CP] Embed Pods Frameworks";
			outputPaths = (
				"${TARGET_BUILD_DIR}/${FRAMEWORKS_FOLDER_PATH}/AFNetworking.framework",
				"${TARGET_BUILD_DIR}/${FRAMEWORKS_FOLDER_PATH}/ReactiveObjC.framework",
				"${TARGET_BUILD_DIR}/${FRAMEWORKS_FOLDER_PATH}/Realm.framework",
				"${TARGET_BUILD_DIR}/${FRAMEWORKS_FOLDER_PATH}/SVProgressHUD.framework",
			);
			runOnlyForDeploymentPostprocessing = 0;
			shellPath = /bin/sh;
			shellScript = "\"${SRCROOT}/Pods/Target Support Files/Pods-MyDictionaryTests/Pods-MyDictionaryTests-frameworks.sh\"\n";
			showEnvVarsInLog = 0;
		};
		733F1EC6610167D79C98F9DB /* [CP] Check Pods Manifest.lock */ = {
			isa = PBXShellScriptBuildPhase;
			buildActionMask = 2147483647;
			files = (
			);
			inputPaths = (
				"${PODS_PODFILE_DIR_PATH}/Podfile.lock",
				"${PODS_ROOT}/Manifest.lock",
			);
			name = "[CP] Check Pods Manifest.lock";
			outputPaths = (
				"$(DERIVED_FILE_DIR)/Pods-MyDictionaryTests-checkManifestLockResult.txt",
			);
			runOnlyForDeploymentPostprocessing = 0;
			shellPath = /bin/sh;
			shellScript = "diff \"${PODS_PODFILE_DIR_PATH}/Podfile.lock\" \"${PODS_ROOT}/Manifest.lock\" > /dev/null\nif [ $? != 0 ] ; then\n    # print error to STDERR\n    echo \"error: The sandbox is not in sync with the Podfile.lock. Run 'pod install' or update your CocoaPods installation.\" >&2\n    exit 1\nfi\n# This output is used by Xcode 'outputs' to avoid re-running this script phase.\necho \"SUCCESS\" > \"${SCRIPT_OUTPUT_FILE_0}\"\n";
			showEnvVarsInLog = 0;
		};
		965E02CC57155ED5098C4312 /* [CP] Copy Pods Resources */ = {
			isa = PBXShellScriptBuildPhase;
			buildActionMask = 2147483647;
			files = (
			);
			inputPaths = (
				"${SRCROOT}/Pods/Target Support Files/Pods-MyDictionaryTests/Pods-MyDictionaryTests-resources.sh",
				"${PODS_ROOT}/SVProgressHUD/SVProgressHUD/SVProgressHUD.bundle",
			);
			name = "[CP] Copy Pods Resources";
			outputPaths = (
				"${TARGET_BUILD_DIR}/${UNLOCALIZED_RESOURCES_FOLDER_PATH}",
			);
			runOnlyForDeploymentPostprocessing = 0;
			shellPath = /bin/sh;
			shellScript = "\"${SRCROOT}/Pods/Target Support Files/Pods-MyDictionaryTests/Pods-MyDictionaryTests-resources.sh\"\n";
			showEnvVarsInLog = 0;
		};
		AC9D9CFB04A300529D5F4B7D /* [CP] Copy Pods Resources */ = {
			isa = PBXShellScriptBuildPhase;
			buildActionMask = 2147483647;
			files = (
			);
			inputPaths = (
				"${SRCROOT}/Pods/Target Support Files/Pods-MyDictionary/Pods-MyDictionary-resources.sh",
				"${PODS_ROOT}/SVProgressHUD/SVProgressHUD/SVProgressHUD.bundle",
			);
			name = "[CP] Copy Pods Resources";
			outputPaths = (
				"${TARGET_BUILD_DIR}/${UNLOCALIZED_RESOURCES_FOLDER_PATH}",
			);
			runOnlyForDeploymentPostprocessing = 0;
			shellPath = /bin/sh;
			shellScript = "\"${SRCROOT}/Pods/Target Support Files/Pods-MyDictionary/Pods-MyDictionary-resources.sh\"\n";
			showEnvVarsInLog = 0;
		};
		E69B941ED845D9D0DCA3D7EB /* [CP] Embed Pods Frameworks */ = {
			isa = PBXShellScriptBuildPhase;
			buildActionMask = 2147483647;
			files = (
			);
			inputPaths = (
			);
			name = "[CP] Embed Pods Frameworks";
			outputPaths = (
			);
			runOnlyForDeploymentPostprocessing = 0;
			shellPath = /bin/sh;
			shellScript = "\"${SRCROOT}/Pods/Target Support Files/Pods-MyDictionary/Pods-MyDictionary-frameworks.sh\"\n";
			showEnvVarsInLog = 0;
		};
		EE2B5E6DA8B4500D23252D14 /* [CP] Check Pods Manifest.lock */ = {
			isa = PBXShellScriptBuildPhase;
			buildActionMask = 2147483647;
			files = (
			);
			inputPaths = (
				"${PODS_PODFILE_DIR_PATH}/Podfile.lock",
				"${PODS_ROOT}/Manifest.lock",
			);
			name = "[CP] Check Pods Manifest.lock";
			outputPaths = (
				"$(DERIVED_FILE_DIR)/Pods-MyDictionary-checkManifestLockResult.txt",
			);
			runOnlyForDeploymentPostprocessing = 0;
			shellPath = /bin/sh;
			shellScript = "diff \"${PODS_PODFILE_DIR_PATH}/Podfile.lock\" \"${PODS_ROOT}/Manifest.lock\" > /dev/null\nif [ $? != 0 ] ; then\n    # print error to STDERR\n    echo \"error: The sandbox is not in sync with the Podfile.lock. Run 'pod install' or update your CocoaPods installation.\" >&2\n    exit 1\nfi\n# This output is used by Xcode 'outputs' to avoid re-running this script phase.\necho \"SUCCESS\" > \"${SCRIPT_OUTPUT_FILE_0}\"\n";
			showEnvVarsInLog = 0;
		};
/* End PBXShellScriptBuildPhase section */

/* Begin PBXSourcesBuildPhase section */
		D4485A651FD0F10500422693 /* Sources */ = {
			isa = PBXSourcesBuildPhase;
			buildActionMask = 2147483647;
			files = (
				D4485A711FD0F10500422693 /* ViewController.m in Sources */,
				D4485A771FD0F10500422693 /* MyDictionary.xcdatamodeld in Sources */,
				D4485A7F1FD0F10500422693 /* main.m in Sources */,
				D45AE2831FD1407500AA89DC /* CLClient.m in Sources */,
				D4485A6E1FD0F10500422693 /* AppDelegate.m in Sources */,
				D45AE2891FD1413000AA89DC /* CLServer.m in Sources */,
			);
			runOnlyForDeploymentPostprocessing = 0;
		};
		D4485A801FD0F10500422693 /* Sources */ = {
			isa = PBXSourcesBuildPhase;
			buildActionMask = 2147483647;
			files = (
				D4485A891FD0F10500422693 /* MyDictionaryTests.m in Sources */,
			);
			runOnlyForDeploymentPostprocessing = 0;
		};
		D45AE25C1FD1053600AA89DC /* Sources */ = {
			isa = PBXSourcesBuildPhase;
			buildActionMask = 2147483647;
			files = (
				D45AE2641FD1053600AA89DC /* ActionViewController.m in Sources */,
			);
			runOnlyForDeploymentPostprocessing = 0;
		};
/* End PBXSourcesBuildPhase section */

/* Begin PBXTargetDependency section */
		D4485A861FD0F10500422693 /* PBXTargetDependency */ = {
			isa = PBXTargetDependency;
			target = D4485A681FD0F10500422693 /* MyDictionary */;
			targetProxy = D4485A851FD0F10500422693 /* PBXContainerItemProxy */;
		};
		D45AE26A1FD1053600AA89DC /* PBXTargetDependency */ = {
			isa = PBXTargetDependency;
			target = D45AE25F1FD1053600AA89DC /* AddWord */;
			targetProxy = D45AE2691FD1053600AA89DC /* PBXContainerItemProxy */;
		};
/* End PBXTargetDependency section */

/* Begin PBXVariantGroup section */
		D4485A721FD0F10500422693 /* Main.storyboard */ = {
			isa = PBXVariantGroup;
			children = (
				D4485A731FD0F10500422693 /* Base */,
			);
			name = Main.storyboard;
			sourceTree = "<group>";
		};
		D4485A7A1FD0F10500422693 /* LaunchScreen.storyboard */ = {
			isa = PBXVariantGroup;
			children = (
				D4485A7B1FD0F10500422693 /* Base */,
			);
			name = LaunchScreen.storyboard;
			sourceTree = "<group>";
		};
		D45AE2651FD1053600AA89DC /* MainInterface.storyboard */ = {
			isa = PBXVariantGroup;
			children = (
				D45AE2661FD1053600AA89DC /* Base */,
			);
			name = MainInterface.storyboard;
			sourceTree = "<group>";
		};
/* End PBXVariantGroup section */

/* Begin XCBuildConfiguration section */
		D4485A8B1FD0F10500422693 /* Debug */ = {
			isa = XCBuildConfiguration;
			buildSettings = {
				ALWAYS_SEARCH_USER_PATHS = NO;
				CLANG_ANALYZER_NONNULL = YES;
				CLANG_ANALYZER_NUMBER_OBJECT_CONVERSION = YES_AGGRESSIVE;
				CLANG_CXX_LANGUAGE_STANDARD = "gnu++14";
				CLANG_CXX_LIBRARY = "libc++";
				CLANG_ENABLE_MODULES = YES;
				CLANG_ENABLE_OBJC_ARC = YES;
				CLANG_WARN_BLOCK_CAPTURE_AUTORELEASING = YES;
				CLANG_WARN_BOOL_CONVERSION = YES;
				CLANG_WARN_COMMA = YES;
				CLANG_WARN_CONSTANT_CONVERSION = YES;
				CLANG_WARN_DIRECT_OBJC_ISA_USAGE = YES_ERROR;
				CLANG_WARN_DOCUMENTATION_COMMENTS = YES;
				CLANG_WARN_EMPTY_BODY = YES;
				CLANG_WARN_ENUM_CONVERSION = YES;
				CLANG_WARN_INFINITE_RECURSION = YES;
				CLANG_WARN_INT_CONVERSION = YES;
				CLANG_WARN_NON_LITERAL_NULL_CONVERSION = YES;
				CLANG_WARN_OBJC_LITERAL_CONVERSION = YES;
				CLANG_WARN_OBJC_ROOT_CLASS = YES_ERROR;
				CLANG_WARN_RANGE_LOOP_ANALYSIS = YES;
				CLANG_WARN_STRICT_PROTOTYPES = YES;
				CLANG_WARN_SUSPICIOUS_MOVE = YES;
				CLANG_WARN_UNGUARDED_AVAILABILITY = YES_AGGRESSIVE;
				CLANG_WARN_UNREACHABLE_CODE = YES;
				CLANG_WARN__DUPLICATE_METHOD_MATCH = YES;
				CODE_SIGN_IDENTITY = "iPhone Developer";
				COPY_PHASE_STRIP = NO;
				DEBUG_INFORMATION_FORMAT = dwarf;
				ENABLE_STRICT_OBJC_MSGSEND = YES;
				ENABLE_TESTABILITY = YES;
				GCC_C_LANGUAGE_STANDARD = gnu11;
				GCC_DYNAMIC_NO_PIC = NO;
				GCC_NO_COMMON_BLOCKS = YES;
				GCC_OPTIMIZATION_LEVEL = 0;
				GCC_PREFIX_HEADER = "$(SRCROOT)/MyDictionary/PrefixHeader.pch";
				GCC_PREPROCESSOR_DEFINITIONS = (
					"DEBUG=1",
					"$(inherited)",
				);
				GCC_WARN_64_TO_32_BIT_CONVERSION = YES;
				GCC_WARN_ABOUT_RETURN_TYPE = YES_ERROR;
				GCC_WARN_UNDECLARED_SELECTOR = YES;
				GCC_WARN_UNINITIALIZED_AUTOS = YES_AGGRESSIVE;
				GCC_WARN_UNUSED_FUNCTION = YES;
				GCC_WARN_UNUSED_VARIABLE = YES;
				IPHONEOS_DEPLOYMENT_TARGET = 11.1;
				MTL_ENABLE_DEBUG_INFO = YES;
				ONLY_ACTIVE_ARCH = YES;
				SDKROOT = iphoneos;
			};
			name = Debug;
		};
		D4485A8C1FD0F10500422693 /* Release */ = {
			isa = XCBuildConfiguration;
			buildSettings = {
				ALWAYS_SEARCH_USER_PATHS = NO;
				CLANG_ANALYZER_NONNULL = YES;
				CLANG_ANALYZER_NUMBER_OBJECT_CONVERSION = YES_AGGRESSIVE;
				CLANG_CXX_LANGUAGE_STANDARD = "gnu++14";
				CLANG_CXX_LIBRARY = "libc++";
				CLANG_ENABLE_MODULES = YES;
				CLANG_ENABLE_OBJC_ARC = YES;
				CLANG_WARN_BLOCK_CAPTURE_AUTORELEASING = YES;
				CLANG_WARN_BOOL_CONVERSION = YES;
				CLANG_WARN_COMMA = YES;
				CLANG_WARN_CONSTANT_CONVERSION = YES;
				CLANG_WARN_DIRECT_OBJC_ISA_USAGE = YES_ERROR;
				CLANG_WARN_DOCUMENTATION_COMMENTS = YES;
				CLANG_WARN_EMPTY_BODY = YES;
				CLANG_WARN_ENUM_CONVERSION = YES;
				CLANG_WARN_INFINITE_RECURSION = YES;
				CLANG_WARN_INT_CONVERSION = YES;
				CLANG_WARN_NON_LITERAL_NULL_CONVERSION = YES;
				CLANG_WARN_OBJC_LITERAL_CONVERSION = YES;
				CLANG_WARN_OBJC_ROOT_CLASS = YES_ERROR;
				CLANG_WARN_RANGE_LOOP_ANALYSIS = YES;
				CLANG_WARN_STRICT_PROTOTYPES = YES;
				CLANG_WARN_SUSPICIOUS_MOVE = YES;
				CLANG_WARN_UNGUARDED_AVAILABILITY = YES_AGGRESSIVE;
				CLANG_WARN_UNREACHABLE_CODE = YES;
				CLANG_WARN__DUPLICATE_METHOD_MATCH = YES;
				CODE_SIGN_IDENTITY = "iPhone Developer";
				COPY_PHASE_STRIP = NO;
				DEBUG_INFORMATION_FORMAT = "dwarf-with-dsym";
				ENABLE_NS_ASSERTIONS = NO;
				ENABLE_STRICT_OBJC_MSGSEND = YES;
				GCC_C_LANGUAGE_STANDARD = gnu11;
				GCC_NO_COMMON_BLOCKS = YES;
				GCC_PREFIX_HEADER = "$(SRCROOT)/MyDictionary/PrefixHeader.pch";
				GCC_WARN_64_TO_32_BIT_CONVERSION = YES;
				GCC_WARN_ABOUT_RETURN_TYPE = YES_ERROR;
				GCC_WARN_UNDECLARED_SELECTOR = YES;
				GCC_WARN_UNINITIALIZED_AUTOS = YES_AGGRESSIVE;
				GCC_WARN_UNUSED_FUNCTION = YES;
				GCC_WARN_UNUSED_VARIABLE = YES;
				IPHONEOS_DEPLOYMENT_TARGET = 11.1;
				MTL_ENABLE_DEBUG_INFO = NO;
				SDKROOT = iphoneos;
				VALIDATE_PRODUCT = YES;
			};
			name = Release;
		};
		D4485A8E1FD0F10500422693 /* Debug */ = {
			isa = XCBuildConfiguration;
			baseConfigurationReference = F97ED9C9B5A3B297DEC2AB24 /* Pods-MyDictionary.debug.xcconfig */;
			buildSettings = {
				ASSETCATALOG_COMPILER_APPICON_NAME = AppIcon;
				CODE_SIGN_STYLE = Automatic;
				DEVELOPMENT_TEAM = GG2NZY77WU;
				GCC_PREFIX_HEADER = "$(SRCROOT)/MyDictionary/PrefixHeader.pch";
				INFOPLIST_FILE = MyDictionary/Info.plist;
				LD_RUNPATH_SEARCH_PATHS = "$(inherited) @executable_path/Frameworks";
				PRODUCT_BUNDLE_IDENTIFIER = com.chenli.MyDictionary;
				PRODUCT_NAME = "$(TARGET_NAME)";
				TARGETED_DEVICE_FAMILY = "1,2";
			};
			name = Debug;
		};
		D4485A8F1FD0F10500422693 /* Release */ = {
			isa = XCBuildConfiguration;
			baseConfigurationReference = 8F7F5540F198D8D5F32B28D8 /* Pods-MyDictionary.release.xcconfig */;
			buildSettings = {
				ASSETCATALOG_COMPILER_APPICON_NAME = AppIcon;
				CODE_SIGN_STYLE = Automatic;
				DEVELOPMENT_TEAM = GG2NZY77WU;
				GCC_PREFIX_HEADER = "$(SRCROOT)/MyDictionary/PrefixHeader.pch";
				INFOPLIST_FILE = MyDictionary/Info.plist;
				LD_RUNPATH_SEARCH_PATHS = "$(inherited) @executable_path/Frameworks";
				PRODUCT_BUNDLE_IDENTIFIER = com.chenli.MyDictionary;
				PRODUCT_NAME = "$(TARGET_NAME)";
				TARGETED_DEVICE_FAMILY = "1,2";
			};
			name = Release;
		};
		D4485A911FD0F10500422693 /* Debug */ = {
			isa = XCBuildConfiguration;
			baseConfigurationReference = 3F2D3A3F9387808E33D39D70 /* Pods-MyDictionaryTests.debug.xcconfig */;
			buildSettings = {
				BUNDLE_LOADER = "$(TEST_HOST)";
				CODE_SIGN_STYLE = Automatic;
				DEVELOPMENT_TEAM = GG2NZY77WU;
				INFOPLIST_FILE = MyDictionaryTests/Info.plist;
				LD_RUNPATH_SEARCH_PATHS = "$(inherited) @executable_path/Frameworks @loader_path/Frameworks";
				PRODUCT_BUNDLE_IDENTIFIER = com.chenli.MyDictionaryTests;
				PRODUCT_NAME = "$(TARGET_NAME)";
				TARGETED_DEVICE_FAMILY = "1,2";
				TEST_HOST = "$(BUILT_PRODUCTS_DIR)/MyDictionary.app/MyDictionary";
			};
			name = Debug;
		};
		D4485A921FD0F10500422693 /* Release */ = {
			isa = XCBuildConfiguration;
			baseConfigurationReference = 388BB1A92E8D9A8A0D1B3ED5 /* Pods-MyDictionaryTests.release.xcconfig */;
			buildSettings = {
				BUNDLE_LOADER = "$(TEST_HOST)";
				CODE_SIGN_STYLE = Automatic;
				DEVELOPMENT_TEAM = GG2NZY77WU;
				INFOPLIST_FILE = MyDictionaryTests/Info.plist;
				LD_RUNPATH_SEARCH_PATHS = "$(inherited) @executable_path/Frameworks @loader_path/Frameworks";
				PRODUCT_BUNDLE_IDENTIFIER = com.chenli.MyDictionaryTests;
				PRODUCT_NAME = "$(TARGET_NAME)";
				TARGETED_DEVICE_FAMILY = "1,2";
				TEST_HOST = "$(BUILT_PRODUCTS_DIR)/MyDictionary.app/MyDictionary";
			};
			name = Release;
		};
		D45AE26C1FD1053600AA89DC /* Debug */ = {
			isa = XCBuildConfiguration;
			buildSettings = {
				CODE_SIGN_STYLE = Automatic;
				DEVELOPMENT_TEAM = GG2NZY77WU;
				GCC_PREFIX_HEADER = "";
				INFOPLIST_FILE = AddWord/Info.plist;
				LD_RUNPATH_SEARCH_PATHS = "$(inherited) @executable_path/Frameworks @executable_path/../../Frameworks";
				PRODUCT_BUNDLE_IDENTIFIER = com.chenli.MyDictionary.AddWord;
				PRODUCT_NAME = "$(TARGET_NAME)";
				SKIP_INSTALL = YES;
				TARGETED_DEVICE_FAMILY = "1,2";
			};
			name = Debug;
		};
		D45AE26D1FD1053600AA89DC /* Release */ = {
			isa = XCBuildConfiguration;
			buildSettings = {
				CODE_SIGN_STYLE = Automatic;
				DEVELOPMENT_TEAM = GG2NZY77WU;
				GCC_PREFIX_HEADER = "";
				INFOPLIST_FILE = AddWord/Info.plist;
				LD_RUNPATH_SEARCH_PATHS = "$(inherited) @executable_path/Frameworks @executable_path/../../Frameworks";
				PRODUCT_BUNDLE_IDENTIFIER = com.chenli.MyDictionary.AddWord;
				PRODUCT_NAME = "$(TARGET_NAME)";
				SKIP_INSTALL = YES;
				TARGETED_DEVICE_FAMILY = "1,2";
			};
			name = Release;
		};
/* End XCBuildConfiguration section */

/* Begin XCConfigurationList section */
		D4485A641FD0F10500422693 /* Build configuration list for PBXProject "MyDictionary" */ = {
			isa = XCConfigurationList;
			buildConfigurations = (
				D4485A8B1FD0F10500422693 /* Debug */,
				D4485A8C1FD0F10500422693 /* Release */,
			);
			defaultConfigurationIsVisible = 0;
			defaultConfigurationName = Release;
		};
		D4485A8D1FD0F10500422693 /* Build configuration list for PBXNativeTarget "MyDictionary" */ = {
			isa = XCConfigurationList;
			buildConfigurations = (
				D4485A8E1FD0F10500422693 /* Debug */,
				D4485A8F1FD0F10500422693 /* Release */,
			);
			defaultConfigurationIsVisible = 0;
			defaultConfigurationName = Release;
		};
		D4485A901FD0F10500422693 /* Build configuration list for PBXNativeTarget "MyDictionaryTests" */ = {
			isa = XCConfigurationList;
			buildConfigurations = (
				D4485A911FD0F10500422693 /* Debug */,
				D4485A921FD0F10500422693 /* Release */,
			);
			defaultConfigurationIsVisible = 0;
			defaultConfigurationName = Release;
		};
		D45AE26E1FD1053600AA89DC /* Build configuration list for PBXNativeTarget "AddWord" */ = {
			isa = XCConfigurationList;
			buildConfigurations = (
				D45AE26C1FD1053600AA89DC /* Debug */,
				D45AE26D1FD1053600AA89DC /* Release */,
			);
			defaultConfigurationIsVisible = 0;
			defaultConfigurationName = Release;
		};
/* End XCConfigurationList section */

/* Begin XCVersionGroup section */
		D4485A751FD0F10500422693 /* MyDictionary.xcdatamodeld */ = {
			isa = XCVersionGroup;
			children = (
				D4485A761FD0F10500422693 /* MyDictionary.xcdatamodel */,
			);
			currentVersion = D4485A761FD0F10500422693 /* MyDictionary.xcdatamodel */;
			path = MyDictionary.xcdatamodeld;
			sourceTree = "<group>";
			versionGroupType = wrapper.xcdatamodel;
		};
/* End XCVersionGroup section */
	};
	rootObject = D4485A611FD0F10500422693 /* Project object */;
}
